
Microsoft Visual Studio Solution File, Format Version 12.00
# Visual Studio Version 17
VisualStudioVersion = 17.9.34607.119
MinimumVisualStudioVersion = 10.0.40219.1
Project("{FAE04EC0-301F-11D3-BF4B-00C04F79EFBC}") = "practica-1", "practica-1\practica-1.csproj", "{151EBACA-91A7-41E9-AF61-A19190BDF9C4}"
EndProject
Global
	GlobalSection(SolutionConfigurationPlatforms) = preSolution
		Debug|Any CPU = Debug|Any CPU
		Release|Any CPU = Release|Any CPU
	EndGlobalSection
	GlobalSection(ProjectConfigurationPlatforms) = postSolution
		{151EBACA-91A7-41E9-AF61-A19190BDF9C4}.Debug|Any CPU.ActiveCfg = Debug|Any CPU
		{151EBACA-91A7-41E9-AF61-A19190BDF9C4}.Debug|Any CPU.Build.0 = Debug|Any CPU
		{151EBACA-91A7-41E9-AF61-A19190BDF9C4}.Release|Any CPU.ActiveCfg = Release|Any CPU
		{151EBACA-91A7-41E9-AF61-A19190BDF9C4}.Release|Any CPU.Build.0 = Release|Any CPU
	EndGlobalSection
	GlobalSection(SolutionProperties) = preSolution
		HideSolutionNode = FALSE
	EndGlobalSection
	GlobalSection(ExtensibilityGlobals) = postSolution
		SolutionGuid = {D2F206AE-75F5-4D00-86F5-4D222F4E94BD}
	EndGlobalSection
EndGlobal
